lockfileVersion: '9.0'

settings:
  autoInstallPeers: true
  excludeLinksFromLockfile: false

importers:

  .:
    dependencies:
      sst:
        specifier: 3.2.65
        version: 3.2.65
      zod:
        specifier: ^3.23.8
        version: 3.23.8
    devDependencies:
      '@tsconfig/node20':
        specifier: ^20.1.4
        version: 20.1.4
      '@types/aws-lambda':
        specifier: 8.10.145
        version: 8.10.145
      '@types/node':
        specifier: ^20
        version: 20.17.2
      prettier:
        specifier: ^3.3.3
        version: 3.3.3
      typescript:
        specifier: 5.5.4
        version: 5.5.4

  packages/web:
    dependencies:
      '@react-three/fiber':
        specifier: 8.17.10
        version: 8.17.10(react-dom@18.3.1(react@18.3.1))(react@18.3.1)(three@0.169.0)
      framer-motion:
        specifier: ^11.11.10
        version: 11.11.10(react-dom@18.3.1(react@18.3.1))(react@18.3.1)
      framer-motion-3d:
        specifier: ^11.11.10
        version: 11.11.10(@react-three/fiber@8.17.10(react-dom@18.3.1(react@18.3.1))(react@18.3.1)(three@0.169.0))(react-dom@18.3.1(react@18.3.1))(react@18.3.1)(three@0.169.0)
      next:
        specifier: 14.2.16
        version: 14.2.16(react-dom@18.3.1(react@18.3.1))(react@18.3.1)
      popmotion:
        specifier: ^11.0.5
        version: 11.0.5
      react:
        specifier: 18.3.1
        version: 18.3.1
      react-dom:
        specifier: 18.3.1
        version: 18.3.1(react@18.3.1)
      three:
        specifier: ^0.169.0
        version: 0.169.0
    devDependencies:
      '@types/node':
        specifier: ^20
        version: 20.17.2
      '@types/react':
        specifier: ^18
        version: 18.3.12
      '@types/react-dom':
        specifier: ^18
        version: 18.3.1
      '@types/three':
        specifier: ^0.169.0
        version: 0.169.0

  packages/web2:
    dependencies:
      next:
        specifier: 14.2.16
        version: 14.2.16(react-dom@18.3.1(react@18.3.1))(react@18.3.1)
      react:
        specifier: ^18
        version: 18.3.1
      react-dom:
        specifier: ^18
        version: 18.3.1(react@18.3.1)
    devDependencies:
      '@types/node':
        specifier: ^20
        version: 20.17.2
      '@types/react':
        specifier: ^18
        version: 18.3.12
      '@types/react-dom':
        specifier: ^18
        version: 18.3.1
      typescript:
        specifier: ^5
        version: 5.5.4

packages:

  '@babel/runtime@7.26.0':
    resolution: {integrity: sha512-FDSOghenHTiToteC/QRlv2q3DhPZ/oOXTBoirfWNx1Cx3TMVcGWQtMMmQcSvb/JjpNeGzx8Pq/b4fKEJuWm1sw==}
    engines: {node: '>=6.9.0'}

  '@next/env@14.2.16':
    resolution: {integrity: sha512-fLrX5TfJzHCbnZ9YUSnGW63tMV3L4nSfhgOQ0iCcX21Pt+VSTDuaLsSuL8J/2XAiVA5AnzvXDpf6pMs60QxOag==}

  '@next/swc-darwin-arm64@14.2.16':
    resolution: {integrity: sha512-uFT34QojYkf0+nn6MEZ4gIWQ5aqGF11uIZ1HSxG+cSbj+Mg3+tYm8qXYd3dKN5jqKUm5rBVvf1PBRO/MeQ6rxw==}
    engines: {node: '>= 10'}
    cpu: [arm64]
    os: [darwin]

  '@next/swc-darwin-x64@14.2.16':
    resolution: {integrity: sha512-mCecsFkYezem0QiZlg2bau3Xul77VxUD38b/auAjohMA22G9KTJneUYMv78vWoCCFkleFAhY1NIvbyjj1ncG9g==}
    engines: {node: '>= 10'}
    cpu: [x64]
    os: [darwin]

  '@next/swc-linux-arm64-gnu@14.2.16':
    resolution: {integrity: sha512-yhkNA36+ECTC91KSyZcgWgKrYIyDnXZj8PqtJ+c2pMvj45xf7y/HrgI17hLdrcYamLfVt7pBaJUMxADtPaczHA==}
    engines: {node: '>= 10'}
    cpu: [arm64]
    os: [linux]

  '@next/swc-linux-arm64-musl@14.2.16':
    resolution: {integrity: sha512-X2YSyu5RMys8R2lA0yLMCOCtqFOoLxrq2YbazFvcPOE4i/isubYjkh+JCpRmqYfEuCVltvlo+oGfj/b5T2pKUA==}
    engines: {node: '>= 10'}
    cpu: [arm64]
    os: [linux]

  '@next/swc-linux-x64-gnu@14.2.16':
    resolution: {integrity: sha512-9AGcX7VAkGbc5zTSa+bjQ757tkjr6C/pKS7OK8cX7QEiK6MHIIezBLcQ7gQqbDW2k5yaqba2aDtaBeyyZh1i6Q==}
    engines: {node: '>= 10'}
    cpu: [x64]
    os: [linux]

  '@next/swc-linux-x64-musl@14.2.16':
    resolution: {integrity: sha512-Klgeagrdun4WWDaOizdbtIIm8khUDQJ/5cRzdpXHfkbY91LxBXeejL4kbZBrpR/nmgRrQvmz4l3OtttNVkz2Sg==}
    engines: {node: '>= 10'}
    cpu: [x64]
    os: [linux]

  '@next/swc-win32-arm64-msvc@14.2.16':
    resolution: {integrity: sha512-PwW8A1UC1Y0xIm83G3yFGPiOBftJK4zukTmk7DI1CebyMOoaVpd8aSy7K6GhobzhkjYvqS/QmzcfsWG2Dwizdg==}
    engines: {node: '>= 10'}
    cpu: [arm64]
    os: [win32]

  '@next/swc-win32-ia32-msvc@14.2.16':
    resolution: {integrity: sha512-jhPl3nN0oKEshJBNDAo0etGMzv0j3q3VYorTSFqH1o3rwv1MQRdor27u1zhkgsHPNeY1jxcgyx1ZsCkDD1IHgg==}
    engines: {node: '>= 10'}
    cpu: [ia32]
    os: [win32]

  '@next/swc-win32-x64-msvc@14.2.16':
    resolution: {integrity: sha512-OA7NtfxgirCjfqt+02BqxC3MIgM/JaGjw9tOe4fyZgPsqfseNiMPnCRP44Pfs+Gpo9zPN+SXaFsgP6vk8d571A==}
    engines: {node: '>= 10'}
    cpu: [x64]
    os: [win32]

  '@react-three/fiber@8.17.10':
    resolution: {integrity: sha512-S6bqa4DqUooEkInYv/W+Jklv2zjSYCXAhm6qKpAQyOXhTEt5gBXnA7W6aoJ0bjmp9pAeaSj/AZUoz1HCSof/uA==}
    peerDependencies:
      expo: '>=43.0'
      expo-asset: '>=8.4'
      expo-file-system: '>=11.0'
      expo-gl: '>=11.0'
      react: '>=18.0'
      react-dom: '>=18.0'
      react-native: '>=0.64'
      three: '>=0.133'
    peerDependenciesMeta:
      expo:
        optional: true
      expo-asset:
        optional: true
      expo-file-system:
        optional: true
      expo-gl:
        optional: true
      react-dom:
        optional: true
      react-native:
        optional: true

  '@swc/counter@0.1.3':
    resolution: {integrity: sha512-e2BR4lsJkkRlKZ/qCHPw9ZaSxc0MVUd7gtbtaB7aMvHeJVYe8sOB8DBZkP2DtISHGSku9sCK6T6cnY0CtXrOCQ==}

  '@swc/helpers@0.5.5':
    resolution: {integrity: sha512-KGYxvIOXcceOAbEk4bi/dVLEK9z8sZ0uBB3Il5b1rhfClSpcX0yfRO0KmTkqR2cnQDymwLB+25ZyMzICg/cm/A==}

  '@tsconfig/node20@20.1.4':
    resolution: {integrity: sha512-sqgsT69YFeLWf5NtJ4Xq/xAF8p4ZQHlmGW74Nu2tD4+g5fAsposc4ZfaaPixVu4y01BEiDCWLRDCvDM5JOsRxg==}

  '@tweenjs/tween.js@23.1.3':
    resolution: {integrity: sha512-vJmvvwFxYuGnF2axRtPYocag6Clbb5YS7kLL+SO/TeVFzHqDIWrNKYtcsPMibjDx9O+bu+psAy9NKfWklassUA==}

  '@types/aws-lambda@8.10.145':
    resolution: {integrity: sha512-dtByW6WiFk5W5Jfgz1VM+YPA21xMXTuSFoLYIDY0L44jDLLflVPtZkYuu3/YxpGcvjzKFBZLU+GyKjR0HOYtyw==}

  '@types/debounce@1.2.4':
    resolution: {integrity: sha512-jBqiORIzKDOToaF63Fm//haOCHuwQuLa2202RK4MozpA6lh93eCBc+/8+wZn5OzjJt3ySdc+74SXWXB55Ewtyw==}

  '@types/node@20.17.2':
    resolution: {integrity: sha512-OOHK4sjXqkL7yQ7VEEHcf6+0jSvKjWqwnaCtY7AKD/VLEvRHMsxxu7eI8ErnjxHS8VwmekD4PeVCpu4qZEZSxg==}

  '@types/prop-types@15.7.13':
    resolution: {integrity: sha512-hCZTSvwbzWGvhqxp/RqVqwU999pBf2vp7hzIjiYOsl8wqOmUxkQ6ddw1cV3l8811+kdUFus/q4d1Y3E3SyEifA==}

  '@types/react-dom@18.3.1':
    resolution: {integrity: sha512-qW1Mfv8taImTthu4KoXgDfLuk4bydU6Q/TkADnDWWHwi4NX4BR+LWfTp2sVmTqRrsHvyDDTelgelxJ+SsejKKQ==}

  '@types/react-reconciler@0.26.7':
    resolution: {integrity: sha512-mBDYl8x+oyPX/VBb3E638N0B7xG+SPk/EAMcVPeexqus/5aTpTphQi0curhhshOqRrc9t6OPoJfEUkbymse/lQ==}

  '@types/react-reconciler@0.28.8':
    resolution: {integrity: sha512-SN9c4kxXZonFhbX4hJrZy37yw9e7EIxcpHCxQv5JUS18wDE5ovkQKlqQEkufdJCCMfuI9BnjUJvhYeJ9x5Ra7g==}

  '@types/react@18.3.12':
    resolution: {integrity: sha512-D2wOSq/d6Agt28q7rSI3jhU7G6aiuzljDGZ2hTZHIkrTLUI+AF3WMeKkEZ9nN2fkBAlcktT6vcZjDFiIhMYEQw==}

  '@types/stats.js@0.17.3':
    resolution: {integrity: sha512-pXNfAD3KHOdif9EQXZ9deK82HVNaXP5ZIF5RP2QG6OQFNTaY2YIetfrE9t528vEreGQvEPRDDc8muaoYeK0SxQ==}

  '@types/three@0.169.0':
    resolution: {integrity: sha512-oan7qCgJBt03wIaK+4xPWclYRPG9wzcg7Z2f5T8xYTNEF95kh0t0lklxLLYBDo7gQiGLYzE6iF4ta7nXF2bcsw==}

  '@types/webxr@0.5.20':
    resolution: {integrity: sha512-JGpU6qiIJQKUuVSKx1GtQnHJGxRjtfGIhzO2ilq43VZZS//f1h1Sgexbdk+Lq+7569a6EYhOWrUpIruR/1Enmg==}

  '@webgpu/types@0.1.49':
    resolution: {integrity: sha512-NMmS8/DofhH/IFeW+876XrHVWel+J/vdcFCHLDqeJgkH9x0DeiwjVd8LcBdaxdG/T7Rf8VUAYsA8X1efMzLjRQ==}

  aws4fetch@1.0.20:
    resolution: {integrity: sha512-/djoAN709iY65ETD6LKCtyyEI04XIBP5xVvfmNxsEP0uJB5tyaGBztSryRr4HqMStr9R06PisQE7m9zDTXKu6g==}

  base64-js@1.5.1:
    resolution: {integrity: sha512-AKpaYlHn8t4SVbOHCy+b5+KKgvR4vrsD8vbvrbiQJps7fKDTkjkDry6ji0rUJjC0kzbNePLwzxq8iypo41qeWA==}

  buffer@6.0.3:
    resolution: {integrity: sha512-FTiCpNxtwiZZHEZbcbTIcZjERVICn9yq/pDFkTl95/AxzD1naBctN7YO68riM/gLSDY7sdrMby8hofADYuuqOA==}

  busboy@1.6.0:
    resolution: {integrity: sha512-8SFQbg/0hQ9xy3UNTB0YEnsNBbWfhf7RtnzpL7TkBiTBRfrQ9Fxcnz7VJsleJpyp6rVLvXiuORqjlHi5q+PYuA==}
    engines: {node: '>=10.16.0'}

  caniuse-lite@1.0.30001673:
    resolution: {integrity: sha512-WTrjUCSMp3LYX0nE12ECkV0a+e6LC85E0Auz75555/qr78Oc8YWhEPNfDd6SHdtlCMSzqtuXY0uyEMNRcsKpKw==}

  client-only@0.0.1:
    resolution: {integrity: sha512-IV3Ou0jSMzZrd3pZ48nLkT9DA7Ag1pnPzaiQhpW7c3RbcqqzvzzVu+L8gfqMp/8IM2MQtSiqaCxrrcfu8I8rMA==}

  csstype@3.1.3:
    resolution: {integrity: sha512-M1uQkMl8rQK/szD0LNhtqxIPLpimGm8sOBwU7lLnCpSbTyY3yeU1Vc7l4KT5zT4s/yOxHH5O7tIuuLOCnLADRw==}

  debounce@1.2.1:
    resolution: {integrity: sha512-XRRe6Glud4rd/ZGQfiV1ruXSfbvfJedlV9Y6zOlP+2K04vBYiJEte6stfFkCP03aMnY5tsipamumUjL14fofug==}

  fflate@0.8.2:
    resolution: {integrity: sha512-cPJU47OaAoCbg0pBvzsgpTPhmhqI5eJjh/JIu8tPj5q+T7iLvW/JAYUqmE7KOB4R1ZyEhzBaIQpQpardBF5z8A==}

  framer-motion-3d@11.11.10:
    resolution: {integrity: sha512-Um+1wJvppfCjBbGsXMzXUSHzXqdKokFX+Roh2qNgpq8zC86V2YNaa4UHynP9wQ4JPjn2/+63S+WNSAAhqZV1Ag==}
    peerDependencies:
      '@react-three/fiber': ^8.2.2
      react: '>=18.0'
      react-dom: '>=18.0'
      three: '>=0.133'

  framer-motion@11.11.10:
    resolution: {integrity: sha512-061Bt1jL/vIm+diYIiA4dP/Yld7vD47ROextS7ESBW5hr4wQFhxB5D5T5zAc3c/5me3cOa+iO5LqhA38WDln/A==}
    peerDependencies:
      '@emotion/is-prop-valid': '*'
      react: ^18.0.0
      react-dom: ^18.0.0
    peerDependenciesMeta:
      '@emotion/is-prop-valid':
        optional: true
      react:
        optional: true
      react-dom:
        optional: true

  framesync@6.1.2:
    resolution: {integrity: sha512-jBTqhX6KaQVDyus8muwZbBeGGP0XgujBRbQ7gM7BRdS3CadCZIHiawyzYLnafYcvZIh5j8WE7cxZKFn7dXhu9g==}

  graceful-fs@4.2.11:
    resolution: {integrity: sha512-RbJ5/jmFcNNCcDV5o9eTnBLJ/HszWV0P73bc+Ff4nS/rJj+YaS6IGyiOL0VoBYX+l1Wrl3k63h/KrH+nhJ0XvQ==}

  hey-listen@1.0.8:
    resolution: {integrity: sha512-COpmrF2NOg4TBWUJ5UVyaCU2A88wEMkUPK4hNqyCkqHbxT92BbvfjoSozkAIIm6XhicGlJHhFdullInrdhwU8Q==}

  ieee754@1.2.1:
    resolution: {integrity: sha512-dcyqhDvX1C46lXZcVqCpK+FtMRQVdIMN6/Df5js2zouUsqG7I6sFxitIC+7KYK29KdXOLHdu9zL4sFnoVQnqaA==}

  its-fine@1.2.5:
    resolution: {integrity: sha512-fXtDA0X0t0eBYAGLVM5YsgJGsJ5jEmqZEPrGbzdf5awjv0xE7nqv3TVnvtUF060Tkes15DbDAKW/I48vsb6SyA==}
    peerDependencies:
      react: '>=18.0'

  jose@4.15.9:
    resolution: {integrity: sha512-1vUQX+IdDMVPj4k8kOxgUqlcK518yluMuGZwqlr44FS1ppZB/5GWh4rZG89erpOBOJjU/OBsnCVFfapsRz6nEA==}

  jose@5.2.3:
    resolution: {integrity: sha512-KUXdbctm1uHVL8BYhnyHkgp3zDX5KW8ZhAKVFEfUbU2P8Alpzjb+48hHvjOdQIyPshoblhzsuqOwEEAbtHVirA==}

  js-tokens@4.0.0:
    resolution: {integrity: sha512-RdJUflcE3cUzKiMqQgsCu06FPu9UdIJO0beYbPhHN4k6apgJtifcoCtT9bcxOpYBtpD2kCM6Sbzg4CausW/PKQ==}

  loose-envify@1.4.0:
    resolution: {integrity: sha512-lyuxPGr/Wfhrlem2CL/UcnUc1zcqKAImBDzukY7Y5F/yQiNdko6+fRLevlw1HgMySw7f611UIY408EtxRSoK3Q==}
    hasBin: true

  lru-cache@6.0.0:
    resolution: {integrity: sha512-Jo6dJ04CmSjuznwJSS3pUeWmd/H0ffTlkXXgwZi+eq1UCmqQwCh+eLsYOYCwY991i2Fah4h1BEMCx4qThGbsiA==}
    engines: {node: '>=10'}

  meshoptimizer@0.18.1:
    resolution: {integrity: sha512-ZhoIoL7TNV4s5B6+rx5mC//fw8/POGyNxS/DZyCJeiZ12ScLfVwRE/GfsxwiTkMYYD5DmK2/JXnEVXqL4rF+Sw==}

  nanoid@3.3.7:
    resolution: {integrity: sha512-eSRppjcPIatRIMC1U6UngP8XFcz8MQWGQdt1MTBQ7NaAmvXDfvNxbvWV3x2y6CdEUciCSsDHDQZbhYaB8QEo2g==}
    engines: {node: ^10 || ^12 || ^13.7 || ^14 || >=15.0.1}
    hasBin: true

  next@14.2.16:
    resolution: {integrity: sha512-LcO7WnFu6lYSvCzZoo1dB+IO0xXz5uEv52HF1IUN0IqVTUIZGHuuR10I5efiLadGt+4oZqTcNZyVVEem/TM5nA==}
    engines: {node: '>=18.17.0'}
    hasBin: true
    peerDependencies:
      '@opentelemetry/api': ^1.1.0
      '@playwright/test': ^1.41.2
      react: ^18.2.0
      react-dom: ^18.2.0
      sass: ^1.3.0
    peerDependenciesMeta:
      '@opentelemetry/api':
        optional: true
      '@playwright/test':
        optional: true
      sass:
        optional: true

  object-hash@2.2.0:
    resolution: {integrity: sha512-gScRMn0bS5fH+IuwyIFgnh9zBdo4DV+6GhygmWM9HyNJSgS0hScp1f5vjtm7oIIOiT9trXrShAkLFSc2IqKNgw==}
    engines: {node: '>= 6'}

  oidc-token-hash@5.0.3:
    resolution: {integrity: sha512-IF4PcGgzAr6XXSff26Sk/+P4KZFJVuHAJZj3wgO3vX2bMdNVp/QXTP3P7CEm9V1IdG8lDLY3HhiqpsE/nOwpPw==}
    engines: {node: ^10.13.0 || >=12.0.0}

  openid-client@5.6.4:
    resolution: {integrity: sha512-T1h3B10BRPKfcObdBklX639tVz+xh34O7GjofqrqiAQdm7eHsQ00ih18x6wuJ/E6FxdtS2u3FmUGPDeEcMwzNA==}

  picocolors@1.1.1:
    resolution: {integrity: sha512-xceH2snhtb5M9liqDsmEw56le376mTZkEX/jEb/RxNFyegNul7eNslCXP9FDj/Lcu0X8KEyMceP2ntpaHrDEVA==}

  popmotion@11.0.5:
    resolution: {integrity: sha512-la8gPM1WYeFznb/JqF4GiTkRRPZsfaj2+kCxqQgr2MJylMmIKUwBfWW8Wa5fml/8gmtlD5yI01MP1QCZPWmppA==}

  postcss@8.4.31:
    resolution: {integrity: sha512-PS08Iboia9mts/2ygV3eLpY5ghnUcfLV/EXTOW1E2qYxJKGGBUtNjN76FYHnMs36RmARn41bC0AZmn+rR0OVpQ==}
    engines: {node: ^10 || ^12 || >=14}

  prettier@3.3.3:
    resolution: {integrity: sha512-i2tDNA0O5IrMO757lfrdQZCc2jPNDVntV0m/+4whiDfWaTKfMNgR7Qz0NAeGz/nRqF4m5/6CLzbP4/liHt12Ew==}
    engines: {node: '>=14'}
    hasBin: true

  react-dom@18.3.1:
    resolution: {integrity: sha512-5m4nQKp+rZRb09LNH59GM4BxTh9251/ylbKIbpe7TpGxfJ+9kv6BLkLBXIjjspbgbnIBNqlI23tRnTWT0snUIw==}
    peerDependencies:
      react: ^18.3.1

  react-merge-refs@2.1.1:
    resolution: {integrity: sha512-jLQXJ/URln51zskhgppGJ2ub7b2WFKGq3cl3NYKtlHoTG+dN2q7EzWrn3hN3EgPsTMvpR9tpq5ijdp7YwFZkag==}

  react-reconciler@0.27.0:
    resolution: {integrity: sha512-HmMDKciQjYmBRGuuhIaKA1ba/7a+UsM5FzOZsMO2JYHt9Jh8reCb7j1eDC95NOyUlKM9KRyvdx0flBuDvYSBoA==}
    engines: {node: '>=0.10.0'}
    peerDependencies:
      react: ^18.0.0

  react@18.3.1:
    resolution: {integrity: sha512-wS+hAgJShR0KhEvPJArfuPVN1+Hz1t0Y6n5jLrGQbkb4urgPE/0Rve+1kMB1v/oWgHgm4WIcV+i7F2pTVj+2iQ==}
    engines: {node: '>=0.10.0'}

  regenerator-runtime@0.14.1:
    resolution: {integrity: sha512-dYnhHh0nJoMfnkZs6GmmhFknAGRrLznOu5nc9ML+EJxGvrx6H7teuevqVqCuPcPK//3eDrrjQhehXVx9cnkGdw==}

  scheduler@0.21.0:
    resolution: {integrity: sha512-1r87x5fz9MXqswA2ERLo0EbOAU74DpIUO090gIasYTqlVoJeMcl+Z1Rg7WHz+qtPujhS/hGIt9kxZOYBV3faRQ==}

  scheduler@0.23.2:
    resolution: {integrity: sha512-UOShsPwz7NrMUqhR6t0hWjFduvOzbtv7toDH1/hIrfRNIDBnnBWd0CwJTGvTpngVlmwGCdP9/Zl/tVrDqcuYzQ==}

  source-map-js@1.2.1:
    resolution: {integrity: sha512-UXWMKhLOwVKb728IUtQPXxfYU+usdybtUrK/8uGE8CQMvrhOpwvzDBwj0QhSL7MQc7vIsISBG8VQ8+IDQxpfQA==}
    engines: {node: '>=0.10.0'}

  sst-darwin-arm64@3.2.65:
    resolution: {integrity: sha512-oisU/WOdgbboSuU/INEY2hJ2LBWrgrhbaoew7T9rKneLQD1qv71xnzbLgy/oYH8Kh2+YlDRiQx6vb5QqW3XEMg==}
    cpu: [arm64]
    os: [darwin]

  sst-darwin-x64@3.2.65:
    resolution: {integrity: sha512-f8hsBn519KfH6CXDDTm5zR4tmx3tlQ56HAT99yV69DF+0j1ZrPiYDunQIS0xO3aQ5t1lB46pElFLGOJyM5Aafw==}
    cpu: [x64]
    os: [darwin]

  sst-linux-arm64@3.2.65:
    resolution: {integrity: sha512-p2ZQ6qsugGx+Ye1on0TFe7dOCl9eOnegzu0TINw8TOAkr3dVkD07E4g2yrup5A/SD87GgyfANv1cl54ratHSRA==}
    cpu: [arm64]
    os: [linux]

  sst-linux-x64@3.2.65:
    resolution: {integrity: sha512-o0nQH38ou1ed1xLpTxZuPz5eE14UO3ww5vz0XQZHu6lKlopV3cTf3q3QExiff1aXouX/2J6Dyf6cgKj/aquxkQ==}
    cpu: [x64]
    os: [linux]

  sst-linux-x86@3.2.65:
    resolution: {integrity: sha512-UC9SFkqRkxIA+EhmhPW3yUt3GyYcbbEQgNcWJ+nBdyK1lNalqIo6XdSNiJsXCcDW4XbIb9x+CftGf1HAqdMLxw==}
    cpu: [x86]
    os: [linux]

  sst@3.2.65:
    resolution: {integrity: sha512-R9fmGTZaphsc3+kgRRerMvopTW+xf0gx+NFZLr8ytfuXR+tEM8Ge6JCeASXlNzAkVvUahpchMzEf6bykEmMyAQ==}
    hasBin: true
    peerDependencies:
      hono: 4.x
      valibot: 0.30.x
    peerDependenciesMeta:
      hono:
        optional: true
      valibot:
        optional: true

  streamsearch@1.1.0:
    resolution: {integrity: sha512-Mcc5wHehp9aXz1ax6bZUyY5afg9u2rv5cqQI3mRrYkGC8rW2hM02jWuwjtL++LS5qinSyhj2QfLyNsuc+VsExg==}
    engines: {node: '>=10.0.0'}

  style-value-types@5.1.2:
    resolution: {integrity: sha512-Vs9fNreYF9j6W2VvuDTP7kepALi7sk0xtk2Tu8Yxi9UoajJdEVpNpCov0HsLTqXvNGKX+Uv09pkozVITi1jf3Q==}

  styled-jsx@5.1.1:
    resolution: {integrity: sha512-pW7uC1l4mBZ8ugbiZrcIsiIvVx1UmTfw7UkC3Um2tmfUq9Bhk8IiyEIPl6F8agHgjzku6j0xQEZbfA5uSgSaCw==}
    engines: {node: '>= 12.0.0'}
    peerDependencies:
      '@babel/core': '*'
      babel-plugin-macros: '*'
      react: '>= 16.8.0 || 17.x.x || ^18.0.0-0'
    peerDependenciesMeta:
      '@babel/core':
        optional: true
      babel-plugin-macros:
        optional: true

  suspend-react@0.1.3:
    resolution: {integrity: sha512-aqldKgX9aZqpoDp3e8/BZ8Dm7x1pJl+qI3ZKxDN0i/IQTWUwBx/ManmlVJ3wowqbno6c2bmiIfs+Um6LbsjJyQ==}
    peerDependencies:
      react: '>=17.0'

  three@0.169.0:
    resolution: {integrity: sha512-Ed906MA3dR4TS5riErd4QBsRGPcx+HBDX2O5yYE5GqJeFQTPU+M56Va/f/Oph9X7uZo3W3o4l2ZhBZ6f6qUv0w==}

  tslib@2.4.0:
    resolution: {integrity: sha512-d6xOpEDfsi2CZVlPQzGeux8XMwLT9hssAsaPYExaQMuYskwb+x1x7J371tWlbBdWHroy99KnVB6qIkUbs5X3UQ==}

  tslib@2.8.0:
    resolution: {integrity: sha512-jWVzBLplnCmoaTr13V9dYbiQ99wvZRd0vNWaDRg+aVYRcjDF3nDksxFDE/+fkXnKhpnUUkmx5pK/v8mCtLVqZA==}

  typescript@5.5.4:
    resolution: {integrity: sha512-Mtq29sKDAEYP7aljRgtPOpTvOfbwRWlS6dPRzwjdE+C0R4brX/GUyhHSecbHMFLNBLcJIPt9nl9yG5TZ1weH+Q==}
    engines: {node: '>=14.17'}
    hasBin: true

  undici-types@6.19.8:
    resolution: {integrity: sha512-ve2KP6f/JnbPBFyobGHuerC9g1FYGn/F8n1LWTwNxCEzd6IfqTwUQcNXgEtmmQ6DlRrC1hrSrBnCZPokRrDHjw==}

  yallist@4.0.0:
    resolution: {integrity: sha512-3wdGidZyq5PB084XLES5TpOSRA3wjXAlIWMhum2kRcv/41Sn2emQ0dycQW4uZXLejwKvg6EsvbdlVL+FYEct7A==}

  zod@3.23.8:
    resolution: {integrity: sha512-XBx9AXhXktjUqnepgTiE5flcKIYWi/rme0Eaj+5Y0lftuGBq+jyRu/md4WnuxqgP1ubdpNCsYEYPxrzVHD8d6g==}

  zustand@3.7.2:
    resolution: {integrity: sha512-PIJDIZKtokhof+9+60cpockVOq05sJzHCriyvaLBmEJixseQ1a5Kdov6fWZfWOu5SK9c+FhH1jU0tntLxRJYMA==}
    engines: {node: '>=12.7.0'}
    peerDependencies:
      react: '>=16.8'
    peerDependenciesMeta:
      react:
        optional: true

snapshots:

  '@babel/runtime@7.26.0':
    dependencies:
      regenerator-runtime: 0.14.1

  '@next/env@14.2.16': {}

  '@next/swc-darwin-arm64@14.2.16':
    optional: true

  '@next/swc-darwin-x64@14.2.16':
    optional: true

  '@next/swc-linux-arm64-gnu@14.2.16':
    optional: true

  '@next/swc-linux-arm64-musl@14.2.16':
    optional: true

  '@next/swc-linux-x64-gnu@14.2.16':
    optional: true

  '@next/swc-linux-x64-musl@14.2.16':
    optional: true

  '@next/swc-win32-arm64-msvc@14.2.16':
    optional: true

  '@next/swc-win32-ia32-msvc@14.2.16':
    optional: true

  '@next/swc-win32-x64-msvc@14.2.16':
    optional: true

  '@react-three/fiber@8.17.10(react-dom@18.3.1(react@18.3.1))(react@18.3.1)(three@0.169.0)':
    dependencies:
      '@babel/runtime': 7.26.0
      '@types/debounce': 1.2.4
      '@types/react-reconciler': 0.26.7
      '@types/webxr': 0.5.20
      base64-js: 1.5.1
      buffer: 6.0.3
      debounce: 1.2.1
      its-fine: 1.2.5(react@18.3.1)
      react: 18.3.1
      react-reconciler: 0.27.0(react@18.3.1)
      scheduler: 0.21.0
      suspend-react: 0.1.3(react@18.3.1)
      three: 0.169.0
      zustand: 3.7.2(react@18.3.1)
    optionalDependencies:
      react-dom: 18.3.1(react@18.3.1)

  '@swc/counter@0.1.3': {}

  '@swc/helpers@0.5.5':
    dependencies:
      '@swc/counter': 0.1.3
      tslib: 2.8.0

  '@tsconfig/node20@20.1.4': {}

  '@tweenjs/tween.js@23.1.3': {}

  '@types/aws-lambda@8.10.145': {}

  '@types/debounce@1.2.4': {}

  '@types/node@20.17.2':
    dependencies:
      undici-types: 6.19.8

  '@types/prop-types@15.7.13': {}

  '@types/react-dom@18.3.1':
    dependencies:
      '@types/react': 18.3.12

  '@types/react-reconciler@0.26.7':
    dependencies:
      '@types/react': 18.3.12

  '@types/react-reconciler@0.28.8':
    dependencies:
      '@types/react': 18.3.12

  '@types/react@18.3.12':
    dependencies:
      '@types/prop-types': 15.7.13
      csstype: 3.1.3

  '@types/stats.js@0.17.3': {}

  '@types/three@0.169.0':
    dependencies:
      '@tweenjs/tween.js': 23.1.3
      '@types/stats.js': 0.17.3
      '@types/webxr': 0.5.20
      '@webgpu/types': 0.1.49
      fflate: 0.8.2
      meshoptimizer: 0.18.1

  '@types/webxr@0.5.20': {}

  '@webgpu/types@0.1.49': {}

  aws4fetch@1.0.20: {}

  base64-js@1.5.1: {}

  buffer@6.0.3:
    dependencies:
      base64-js: 1.5.1
      ieee754: 1.2.1

  busboy@1.6.0:
    dependencies:
      streamsearch: 1.1.0

  caniuse-lite@1.0.30001673: {}

  client-only@0.0.1: {}

  csstype@3.1.3: {}

  debounce@1.2.1: {}

  fflate@0.8.2: {}

  framer-motion-3d@11.11.10(@react-three/fiber@8.17.10(react-dom@18.3.1(react@18.3.1))(react@18.3.1)(three@0.169.0))(react-dom@18.3.1(react@18.3.1))(react@18.3.1)(three@0.169.0):
    dependencies:
      '@react-three/fiber': 8.17.10(react-dom@18.3.1(react@18.3.1))(react@18.3.1)(three@0.169.0)
      framer-motion: 11.11.10(react-dom@18.3.1(react@18.3.1))(react@18.3.1)
      react: 18.3.1
      react-dom: 18.3.1(react@18.3.1)
      react-merge-refs: 2.1.1
      three: 0.169.0
    transitivePeerDependencies:
      - '@emotion/is-prop-valid'

  framer-motion@11.11.10(react-dom@18.3.1(react@18.3.1))(react@18.3.1):
    dependencies:
      tslib: 2.8.0
    optionalDependencies:
      react: 18.3.1
      react-dom: 18.3.1(react@18.3.1)

  framesync@6.1.2:
    dependencies:
      tslib: 2.4.0

  graceful-fs@4.2.11: {}

  hey-listen@1.0.8: {}

  ieee754@1.2.1: {}

  its-fine@1.2.5(react@18.3.1):
    dependencies:
      '@types/react-reconciler': 0.28.8
      react: 18.3.1

  jose@4.15.9: {}

  jose@5.2.3: {}

  js-tokens@4.0.0: {}

  loose-envify@1.4.0:
    dependencies:
      js-tokens: 4.0.0

  lru-cache@6.0.0:
    dependencies:
      yallist: 4.0.0

  meshoptimizer@0.18.1: {}

  nanoid@3.3.7: {}

  next@14.2.16(react-dom@18.3.1(react@18.3.1))(react@18.3.1):
    dependencies:
      '@next/env': 14.2.16
      '@swc/helpers': 0.5.5
      busboy: 1.6.0
      caniuse-lite: 1.0.30001673
      graceful-fs: 4.2.11
      postcss: 8.4.31
      react: 18.3.1
      react-dom: 18.3.1(react@18.3.1)
      styled-jsx: 5.1.1(react@18.3.1)
    optionalDependencies:
      '@next/swc-darwin-arm64': 14.2.16
      '@next/swc-darwin-x64': 14.2.16
      '@next/swc-linux-arm64-gnu': 14.2.16
      '@next/swc-linux-arm64-musl': 14.2.16
      '@next/swc-linux-x64-gnu': 14.2.16
      '@next/swc-linux-x64-musl': 14.2.16
      '@next/swc-win32-arm64-msvc': 14.2.16
      '@next/swc-win32-ia32-msvc': 14.2.16
      '@next/swc-win32-x64-msvc': 14.2.16
    transitivePeerDependencies:
      - '@babel/core'
      - babel-plugin-macros

  object-hash@2.2.0: {}

  oidc-token-hash@5.0.3: {}

  openid-client@5.6.4:
    dependencies:
      jose: 4.15.9
      lru-cache: 6.0.0
      object-hash: 2.2.0
      oidc-token-hash: 5.0.3

  picocolors@1.1.1: {}

  popmotion@11.0.5:
    dependencies:
      framesync: 6.1.2
      hey-listen: 1.0.8
      style-value-types: 5.1.2
      tslib: 2.4.0

  postcss@8.4.31:
    dependencies:
      nanoid: 3.3.7
      picocolors: 1.1.1
      source-map-js: 1.2.1

  prettier@3.3.3: {}

  react-dom@18.3.1(react@18.3.1):
    dependencies:
      loose-envify: 1.4.0
      react: 18.3.1
      scheduler: 0.23.2

  react-merge-refs@2.1.1: {}

  react-reconciler@0.27.0(react@18.3.1):
    dependencies:
      loose-envify: 1.4.0
      react: 18.3.1
      scheduler: 0.21.0

  react@18.3.1:
    dependencies:
      loose-envify: 1.4.0

  regenerator-runtime@0.14.1: {}

  scheduler@0.21.0:
    dependencies:
      loose-envify: 1.4.0

  scheduler@0.23.2:
    dependencies:
      loose-envify: 1.4.0

  source-map-js@1.2.1: {}

  sst-darwin-arm64@3.2.65:
    optional: true

  sst-darwin-x64@3.2.65:
    optional: true

  sst-linux-arm64@3.2.65:
    optional: true

  sst-linux-x64@3.2.65:
    optional: true

  sst-linux-x86@3.2.65:
    optional: true

  sst@3.2.65:
    dependencies:
      aws4fetch: 1.0.20
      jose: 5.2.3
      openid-client: 5.6.4
    optionalDependencies:
      sst-darwin-arm64: 3.2.65
      sst-darwin-x64: 3.2.65
      sst-linux-arm64: 3.2.65
      sst-linux-x64: 3.2.65
      sst-linux-x86: 3.2.65

  streamsearch@1.1.0: {}

  style-value-types@5.1.2:
    dependencies:
      hey-listen: 1.0.8
      tslib: 2.4.0

  styled-jsx@5.1.1(react@18.3.1):
    dependencies:
      client-only: 0.0.1
      react: 18.3.1

  suspend-react@0.1.3(react@18.3.1):
    dependencies:
      react: 18.3.1

  three@0.169.0: {}

  tslib@2.4.0: {}

  tslib@2.8.0: {}

  typescript@5.5.4: {}

  undici-types@6.19.8: {}

  yallist@4.0.0: {}

  zod@3.23.8: {}

  zustand@3.7.2(react@18.3.1):
    optionalDependencies:
      react: 18.3.1
